
Microsoft Visual Studio Solution File, Format Version 12.00
# Visual Studio Version 16
VisualStudioVersion = 16.0.31729.503
MinimumVisualStudioVersion = 10.0.40219.1
Project("{FAE04EC0-301F-11D3-BF4B-00C04F79EFBC}") = "Prueba", "Prueba\Prueba.csproj", "{4FE242ED-0FBC-4B07-9E25-7CB9C90314BE}"
EndProject
Global
	GlobalSection(SolutionConfigurationPlatforms) = preSolution
		Debug|Any CPU = Debug|Any CPU
		Release|Any CPU = Release|Any CPU
	EndGlobalSection
	GlobalSection(ProjectConfigurationPlatforms) = postSolution
		{4FE242ED-0FBC-4B07-9E25-7CB9C90314BE}.Debug|Any CPU.ActiveCfg = Debug|Any CPU
		{4FE242ED-0FBC-4B07-9E25-7CB9C90314BE}.Debug|Any CPU.Build.0 = Debug|Any CPU
		{4FE242ED-0FBC-4B07-9E25-7CB9C90314BE}.Release|Any CPU.ActiveCfg = Release|Any CPU
		{4FE242ED-0FBC-4B07-9E25-7CB9C90314BE}.Release|Any CPU.Build.0 = Release|Any CPU
	EndGlobalSection
	GlobalSection(SolutionProperties) = preSolution
		HideSolutionNode = FALSE
	EndGlobalSection
	GlobalSection(ExtensibilityGlobals) = postSolution
		SolutionGuid = {40166EBC-E142-428D-A105-BC9ABAB43A50}
	EndGlobalSection
EndGlobal
